{
  "name": "lattice-protocol",
  "version": "1.0.0",
  "lockfileVersion": 3,
  "requires": true,
  "packages": {
    "": {
      "name": "lattice-protocol",
      "version": "1.0.0",
      "license": "MIT",
      "dependencies": {
        "@noble/ed25519": "^2.1.0",
        "multiformats": "^13.4.2"
      },
      "bin": {
        "lattice-attest": "bin/lattice-attest.js",
        "lattice-exp": "bin/lattice-exp.js",
        "lattice-feed": "bin/lattice-feed.js",
        "lattice-follow": "bin/lattice-follow.js",
        "lattice-history": "bin/lattice-history.js",
        "lattice-id": "bin/lattice-id.js",
        "lattice-post": "bin/lattice-post.js",
        "lattice-replies": "bin/lattice-replies.js",
        "lattice-topics": "bin/lattice-topics.js",
        "lattice-vote": "bin/lattice-vote.js"
      }
    },
    "node_modules/@noble/ed25519": {
      "version": "2.3.0",
      "resolved": "https://registry.npmjs.org/@noble/ed25519/-/ed25519-2.3.0.tgz",
      "integrity": "sha512-M7dvXL2B92/M7dw9+gzuydL8qn/jiqNHaoR3Q+cb1q1GHV7uwE17WCyFMG+Y+TZb5izcaXk5TdJRrDUxHXL78A==",
      "license": "MIT",
      "funding": {
        "url": "https://paulmillr.com/funding/"
      }
    },
    "node_modules/multiformats": {
      "version": "13.4.2",
      "resolved": "https://registry.npmjs.org/multiformats/-/multiformats-13.4.2.tgz",
      "integrity": "sha512-eh6eHCrRi1+POZ3dA+Dq1C6jhP1GNtr9CRINMb67OKzqW9I5DUuZM/3jLPlzhgpGeiNUlEGEbkCYChXMCc/8DQ==",
      "license": "Apache-2.0 OR MIT"
    }
  }
}
